# THIS IS AN AUTOGENERATED FILE. DO NOT EDIT THIS FILE DIRECTLY.
# yarn lockfile v1


"@polymer/app-layout@^3.0.2":
  version "3.0.2"
  resolved "https://registry.yarnpkg.com/@polymer/app-layout/-/app-layout-3.0.2.tgz#8a6f3c87b405635fd3547db82db8dbb6c51b6bf9"
  integrity sha512-qKcQHj72uGxGoetjnNQ7pg4F6Da4U5jKBzZy0VRmDuZMUPDmtIqHaIgC5K6B4y+xUag0gkV9ce72Q3hNaK9y+g==
  dependencies:
    "@polymer/iron-flex-layout" "^3.0.0-pre.26"
    "@polymer/iron-media-query" "^3.0.0-pre.26"
    "@polymer/iron-resizable-behavior" "^3.0.0-pre.26"
    "@polymer/iron-scroll-target-behavior" "^3.0.0-pre.26"
    "@polymer/polymer" "^3.0.0"

"@polymer/iron-flex-layout@^3.0.0-pre.26":
  version "3.0.1"
  resolved "https://registry.yarnpkg.com/@polymer/iron-flex-layout/-/iron-flex-layout-3.0.1.tgz#36f9e1a8eb792d279b2bc75d362628721ad37f0c"
  integrity sha512-7gB869czArF+HZcPTVSgvA7tXYFze9EKckvM95NB7SqYF+NnsQyhoXgKnpFwGyo95lUjUW9TFDLUwDXnCYFtkw==
  dependencies:
    "@polymer/polymer" "^3.0.0"

"@polymer/iron-media-query@^3.0.0-pre.26":
  version "3.0.1"
  resolved "https://registry.yarnpkg.com/@polymer/iron-media-query/-/iron-media-query-3.0.1.tgz#5cd8a1c1e8c9b8bafd3dd5da14e0f8d2cfa76d83"
  integrity sha512-czUX1pm1zfmfcZtq5J57XFkcobBv08Y50exp0/3v8Bos5VL/jv2tU0RwiTfDBxUMhjicGbgwEBFQPY2V5DMzyw==
  dependencies:
    "@polymer/polymer" "^3.0.0"

"@polymer/iron-resizable-behavior@^3.0.0-pre.26":
  version "3.0.1"
  resolved "https://registry.yarnpkg.com/@polymer/iron-resizable-behavior/-/iron-resizable-behavior-3.0.1.tgz#e284348ed7c1c7e263f7039297532fa954025ea2"
  integrity sha512-FyHxRxFspVoRaeZSWpT3y0C9awomb4tXXolIJcZ7RvXhMP632V5lez+ch5G5SwK0LpnAPkg35eB0LPMFv+YMMQ==
  dependencies:
    "@polymer/polymer" "^3.0.0"

"@polymer/iron-scroll-target-behavior@^3.0.0-pre.26":
  version "3.0.1"
  resolved "https://registry.yarnpkg.com/@polymer/iron-scroll-target-behavior/-/iron-scroll-target-behavior-3.0.1.tgz#29fa644b320fb29ab6c68eb6d08a6520157764ac"
  integrity sha512-xg1WanG25BIkQE8rhuReqY9zx1K5M7F+YAIYpswEp5eyDIaZ1Y3vUmVeQ3KG+hiSugzI1M752azXN7kvyhOBcQ==
  dependencies:
    "@polymer/polymer" "^3.0.0"

"@polymer/polymer@^3.0.0":
  version "3.1.0"
  resolved "https://registry.yarnpkg.com/@polymer/polymer/-/polymer-3.1.0.tgz#3e1b7447a1e350fd654e1823def655d0f0828a70"
  integrity sha512-hwN8IMERsFATz/9dSMxYHL+84J9uBkPuuarxJWlTsppZ4CAYTZKnepBfNrKoyNsafBmA3yXBiiKPPf+fJtza7A==
  dependencies:
    "@webcomponents/shadycss" "^1.5.2"

"@webcomponents/shadycss@^1.5.2":
  version "1.7.1"
  resolved "https://registry.yarnpkg.com/@webcomponents/shadycss/-/shadycss-1.7.1.tgz#dba82c431449d2250b49f60db495d05f477882d0"
  integrity sha512-6SZqLajRPWL0rrKDZOGF8PCBq5B9JqgFmE5rX5psk6i8WrqiMkSCuO8+rnirzViTsU5CqnjQPFC3OvG4YJdMrQ==
